
Microsoft Visual Studio Solution File, Format Version 11.00
# Visual Studio 2010
Project("{F184B08F-C81C-45F6-A57F-5ABD9991F28F}") = "Negocio", "Negocio\Negocio.vbproj", "{1170973E-2D8F-449E-916F-7A6E53837F9F}"
EndProject
Project("{F184B08F-C81C-45F6-A57F-5ABD9991F28F}") = "FrontEnd", "FrontEnd\FrontEnd.vbproj", "{26403FEB-0356-49E3-BE4F-27F31EA529AA}"
EndProject
Global
	GlobalSection(SolutionConfigurationPlatforms) = preSolution
		Debug|Any CPU = Debug|Any CPU
		Release|Any CPU = Release|Any CPU
	EndGlobalSection
	GlobalSection(ProjectConfigurationPlatforms) = postSolution
		{1170973E-2D8F-449E-916F-7A6E53837F9F}.Debug|Any CPU.ActiveCfg = Debug|Any CPU
		{1170973E-2D8F-449E-916F-7A6E53837F9F}.Debug|Any CPU.Build.0 = Debug|Any CPU
		{1170973E-2D8F-449E-916F-7A6E53837F9F}.Release|Any CPU.ActiveCfg = Release|Any CPU
		{1170973E-2D8F-449E-916F-7A6E53837F9F}.Release|Any CPU.Build.0 = Release|Any CPU
		{26403FEB-0356-49E3-BE4F-27F31EA529AA}.Debug|Any CPU.ActiveCfg = Debug|Any CPU
		{26403FEB-0356-49E3-BE4F-27F31EA529AA}.Debug|Any CPU.Build.0 = Debug|Any CPU
		{26403FEB-0356-49E3-BE4F-27F31EA529AA}.Release|Any CPU.ActiveCfg = Release|Any CPU
		{26403FEB-0356-49E3-BE4F-27F31EA529AA}.Release|Any CPU.Build.0 = Release|Any CPU
	EndGlobalSection
	GlobalSection(SolutionProperties) = preSolution
		HideSolutionNode = FALSE
	EndGlobalSection
EndGlobal
