
Microsoft Visual Studio Solution File, Format Version 11.00
# Visual Basic Express 2010
Project("{F184B08F-C81C-45F6-A57F-5ABD9991F28F}") = "SobreCargaDeProcedimiento-Console134", "SobreCargaDeProcedimiento-Console134\SobreCargaDeProcedimiento-Console134.vbproj", "{3144A126-C1FE-4574-BA87-F164451E4378}"
EndProject
Global
	GlobalSection(SolutionConfigurationPlatforms) = preSolution
		Debug|x86 = Debug|x86
		Release|x86 = Release|x86
	EndGlobalSection
	GlobalSection(ProjectConfigurationPlatforms) = postSolution
		{3144A126-C1FE-4574-BA87-F164451E4378}.Debug|x86.ActiveCfg = Debug|x86
		{3144A126-C1FE-4574-BA87-F164451E4378}.Debug|x86.Build.0 = Debug|x86
		{3144A126-C1FE-4574-BA87-F164451E4378}.Release|x86.ActiveCfg = Release|x86
		{3144A126-C1FE-4574-BA87-F164451E4378}.Release|x86.Build.0 = Release|x86
	EndGlobalSection
	GlobalSection(SolutionProperties) = preSolution
		HideSolutionNode = FALSE
	EndGlobalSection
EndGlobal
